{
  "name": "fungible_token",
  "version": "1.0.0",
  "lockfileVersion": 2,
  "requires": true,
  "packages": {
    "": {
      "name": "fungible_token",
      "version": "1.0.0",
      "license": "(MIT AND Apache-2.0)",
      "devDependencies": {
        "near-cli": "^1.0.0"
      }
    },
    "node_modules/near-cli": {
      "version": "1.0.0",
      "resolved": "https://registry.npmjs.org/near-cli/-/near-cli-1.0.0.tgz",
      "integrity": "sha512-Ruy/8Ql7eno8eKfiFfyNiF3G73k0j6BsKi3++AHcI2kw1IY9BRN2B7l/+PLsqTgOz/sNVTMIKOLaOWMVrsG8eg==",
      "dev": true
    }
  },
  "dependencies": {
    "near-cli": {
      "version": "1.0.0",
      "resolved": "https://registry.npmjs.org/near-cli/-/near-cli-1.0.0.tgz",
      "integrity": "sha512-Ruy/8Ql7eno8eKfiFfyNiF3G73k0j6BsKi3++AHcI2kw1IY9BRN2B7l/+PLsqTgOz/sNVTMIKOLaOWMVrsG8eg==",
      "dev": true
    }
  }
}
